
Microsoft Visual Studio Solution File, Format Version 12.00
# Visual Studio 15
VisualStudioVersion = 15.0.28307.421
MinimumVisualStudioVersion = 10.0.40219.1
Project("{FAE04EC0-301F-11D3-BF4B-00C04F79EFBC}") = "EpamMVCPractice1", "EpamMVCPractice1\EpamMVCPractice1.csproj", "{BEB004B8-EE01-49CD-8EFB-A7D356AF6D13}"
EndProject
Project("{FAE04EC0-301F-11D3-BF4B-00C04F79EFBC}") = "DAL", "DAL\DAL.csproj", "{DFCA7A7A-9F4C-4257-832C-C33CA403D760}"
EndProject
Global
	GlobalSection(SolutionConfigurationPlatforms) = preSolution
		Debug|Any CPU = Debug|Any CPU
		Release|Any CPU = Release|Any CPU
	EndGlobalSection
	GlobalSection(ProjectConfigurationPlatforms) = postSolution
		{BEB004B8-EE01-49CD-8EFB-A7D356AF6D13}.Debug|Any CPU.ActiveCfg = Debug|Any CPU
		{BEB004B8-EE01-49CD-8EFB-A7D356AF6D13}.Debug|Any CPU.Build.0 = Debug|Any CPU
		{BEB004B8-EE01-49CD-8EFB-A7D356AF6D13}.Release|Any CPU.ActiveCfg = Release|Any CPU
		{BEB004B8-EE01-49CD-8EFB-A7D356AF6D13}.Release|Any CPU.Build.0 = Release|Any CPU
		{DFCA7A7A-9F4C-4257-832C-C33CA403D760}.Debug|Any CPU.ActiveCfg = Debug|Any CPU
		{DFCA7A7A-9F4C-4257-832C-C33CA403D760}.Debug|Any CPU.Build.0 = Debug|Any CPU
		{DFCA7A7A-9F4C-4257-832C-C33CA403D760}.Release|Any CPU.ActiveCfg = Release|Any CPU
		{DFCA7A7A-9F4C-4257-832C-C33CA403D760}.Release|Any CPU.Build.0 = Release|Any CPU
	EndGlobalSection
	GlobalSection(SolutionProperties) = preSolution
		HideSolutionNode = FALSE
	EndGlobalSection
	GlobalSection(ExtensibilityGlobals) = postSolution
		SolutionGuid = {DD354940-0C55-4C14-BA13-C1AED10DB160}
	EndGlobalSection
EndGlobal
